// !$*UTF8*$!
{
	archiveVersion = 1;
	classes = {
	};
	objectVersion = 46;
	objects = {

/* Begin PBXBuildFile section */
		9A5495F51E81D4F300FE2675 /* core.cpp in Sources */ = {isa = PBXBuildFile; fileRef = 9A5495F21E81D4F300FE2675 /* core.cpp */; };
		9A5495F61E81D4F300FE2675 /* data.cpp in Sources */ = {isa = PBXBuildFile; fileRef = 9A5495F31E81D4F300FE2675 /* data.cpp */; };
		9A5495F71E81D4F300FE2675 /* main.cpp in Sources */ = {isa = PBXBuildFile; fileRef = 9A5495F41E81D4F300FE2675 /* main.cpp */; };
/* End PBXBuildFile section */

/* Begin PBXCopyFilesBuildPhase section */
		9A54E77B1D2AC1E800CAD207 /* CopyFiles */ = {
			isa = PBXCopyFilesBuildPhase;
			buildActionMask = 2147483647;
			dstPath = /usr/share/man/man1/;
			dstSubfolderSpec = 0;
			files = (
			);
			runOnlyForDeploymentPostprocessing = 1;
		};
/* End PBXCopyFilesBuildPhase section */

/* Begin PBXFileReference section */
		9A5495F01E81D4F300FE2675 /* core.h */ = {isa = PBXFileReference; fileEncoding = 4; lastKnownFileType = sourcecode.c.h; path = core.h; sourceTree = "<group>"; };
		9A5495F11E81D4F300FE2675 /* data.h */ = {isa = PBXFileReference; fileEncoding = 4; lastKnownFileType = sourcecode.c.h; path = data.h; sourceTree = "<group>"; };
		9A5495F21E81D4F300FE2675 /* core.cpp */ = {isa = PBXFileReference; fileEncoding = 4; lastKnownFileType = sourcecode.cpp.cpp; path = core.cpp; sourceTree = "<group>"; };
		9A5495F31E81D4F300FE2675 /* data.cpp */ = {isa = PBXFileReference; fileEncoding = 4; lastKnownFileType = sourcecode.cpp.cpp; path = data.cpp; sourceTree = "<group>"; };
		9A5495F41E81D4F300FE2675 /* main.cpp */ = {isa = PBXFileReference; fileEncoding = 4; lastKnownFileType = sourcecode.cpp.cpp; path = main.cpp; sourceTree = "<group>"; };
		9A54E77D1D2AC1E800CAD207 /* xcode_template_pyphs */ = {isa = PBXFileReference; explicitFileType = "compiled.mach-o.executable"; includeInIndex = 0; path = xcode_template_pyphs; sourceTree = BUILT_PRODUCTS_DIR; };
/* End PBXFileReference section */

/* Begin PBXFrameworksBuildPhase section */
		9A54E77A1D2AC1E800CAD207 /* Frameworks */ = {
			isa = PBXFrameworksBuildPhase;
			buildActionMask = 2147483647;
			files = (
			);
			runOnlyForDeploymentPostprocessing = 0;
		};
/* End PBXFrameworksBuildPhase section */

/* Begin PBXGroup section */
		9A54E7741D2AC1E800CAD207 = {
			isa = PBXGroup;
			children = (
				9A54E77F1D2AC1E800CAD207 /* xcode_template_pyphs */,
				9A54E77E1D2AC1E800CAD207 /* Products */,
			);
			sourceTree = "<group>";
		};
		9A54E77E1D2AC1E800CAD207 /* Products */ = {
			isa = PBXGroup;
			children = (
				9A54E77D1D2AC1E800CAD207 /* xcode_template_pyphs */,
			);
			name = Products;
			sourceTree = "<group>";
		};
		9A54E77F1D2AC1E800CAD207 /* xcode_template_pyphs */ = {
			isa = PBXGroup;
			children = (
				9A5495F01E81D4F300FE2675 /* core.h */,
				9A5495F11E81D4F300FE2675 /* data.h */,
				9A5495F21E81D4F300FE2675 /* core.cpp */,
				9A5495F31E81D4F300FE2675 /* data.cpp */,
				9A5495F41E81D4F300FE2675 /* main.cpp */,
			);
			path = xcode_template_pyphs;
			sourceTree = "<group>";
		};
/* End PBXGroup section */

/* Begin PBXNativeTarget section */
		9A54E77C1D2AC1E800CAD207 /* xcode_template_pyphs */ = {
			isa = PBXNativeTarget;
			buildConfigurationList = 9A54E7841D2AC1E800CAD207 /* Build configuration list for PBXNativeTarget "xcode_template_pyphs" */;
			buildPhases = (
				9A54E7791D2AC1E800CAD207 /* Sources */,
				9A54E77A1D2AC1E800CAD207 /* Frameworks */,
				9A54E77B1D2AC1E800CAD207 /* CopyFiles */,
			);
			buildRules = (
			);
			dependencies = (
			);
			name = xcode_template_pyphs;
			productName = xcode_template_pyphs;
			productReference = 9A54E77D1D2AC1E800CAD207 /* xcode_template_pyphs */;
			productType = "com.apple.product-type.tool";
		};
/* End PBXNativeTarget section */

/* Begin PBXProject section */
		9A54E7751D2AC1E800CAD207 /* Project object */ = {
			isa = PBXProject;
			attributes = {
				LastUpgradeCheck = 0610;
				ORGANIZATIONNAME = "Antoine Falaize";
				TargetAttributes = {
					9A54E77C1D2AC1E800CAD207 = {
						CreatedOnToolsVersion = 6.1.1;
					};
				};
			};
			buildConfigurationList = 9A54E7781D2AC1E800CAD207 /* Build configuration list for PBXProject "xcode_template_pyphs" */;
			compatibilityVersion = "Xcode 3.2";
			developmentRegion = English;
			hasScannedForEncodings = 0;
			knownRegions = (
				en,
			);
			mainGroup = 9A54E7741D2AC1E800CAD207;
			productRefGroup = 9A54E77E1D2AC1E800CAD207 /* Products */;
			projectDirPath = "";
			projectRoot = "";
			targets = (
				9A54E77C1D2AC1E800CAD207 /* xcode_template_pyphs */,
			);
		};
/* End PBXProject section */

/* Begin PBXSourcesBuildPhase section */
		9A54E7791D2AC1E800CAD207 /* Sources */ = {
			isa = PBXSourcesBuildPhase;
			buildActionMask = 2147483647;
			files = (
				9A5495F51E81D4F300FE2675 /* core.cpp in Sources */,
				9A5495F61E81D4F300FE2675 /* data.cpp in Sources */,
				9A5495F71E81D4F300FE2675 /* main.cpp in Sources */,
			);
			runOnlyForDeploymentPostprocessing = 0;
		};
/* End PBXSourcesBuildPhase section */

/* Begin XCBuildConfiguration section */
		9A54E7821D2AC1E800CAD207 /* Debug */ = {
			isa = XCBuildConfiguration;
			buildSettings = {
				ALWAYS_SEARCH_USER_PATHS = NO;
				CLANG_CXX_LANGUAGE_STANDARD = "gnu++0x";
				CLANG_CXX_LIBRARY = "libc++";
				CLANG_ENABLE_MODULES = YES;
				CLANG_ENABLE_OBJC_ARC = YES;
				CLANG_WARN_BOOL_CONVERSION = YES;
				CLANG_WARN_CONSTANT_CONVERSION = YES;
				CLANG_WARN_DIRECT_OBJC_ISA_USAGE = YES_ERROR;
				CLANG_WARN_EMPTY_BODY = YES;
				CLANG_WARN_ENUM_CONVERSION = YES;
				CLANG_WARN_INT_CONVERSION = YES;
				CLANG_WARN_OBJC_ROOT_CLASS = YES_ERROR;
				CLANG_WARN_UNREACHABLE_CODE = YES;
				CLANG_WARN__DUPLICATE_METHOD_MATCH = YES;
				COPY_PHASE_STRIP = NO;
				ENABLE_STRICT_OBJC_MSGSEND = YES;
				GCC_C_LANGUAGE_STANDARD = gnu99;
				GCC_DYNAMIC_NO_PIC = NO;
				GCC_OPTIMIZATION_LEVEL = 0;
				GCC_PREPROCESSOR_DEFINITIONS = (
					"DEBUG=1",
					"$(inherited)",
				);
				GCC_SYMBOLS_PRIVATE_EXTERN = NO;
				GCC_WARN_64_TO_32_BIT_CONVERSION = YES;
				GCC_WARN_ABOUT_RETURN_TYPE = YES_ERROR;
				GCC_WARN_UNDECLARED_SELECTOR = YES;
				GCC_WARN_UNINITIALIZED_AUTOS = YES_AGGRESSIVE;
				GCC_WARN_UNUSED_FUNCTION = YES;
				GCC_WARN_UNUSED_VARIABLE = YES;
				MACOSX_DEPLOYMENT_TARGET = 10.9;
				MTL_ENABLE_DEBUG_INFO = YES;
				ONLY_ACTIVE_ARCH = YES;
				SDKROOT = macosx;
			};
			name = Debug;
		};
		9A54E7831D2AC1E800CAD207 /* Release */ = {
			isa = XCBuildConfiguration;
			buildSettings = {
				ALWAYS_SEARCH_USER_PATHS = NO;
				CLANG_CXX_LANGUAGE_STANDARD = "gnu++0x";
				CLANG_CXX_LIBRARY = "libc++";
				CLANG_ENABLE_MODULES = YES;
				CLANG_ENABLE_OBJC_ARC = YES;
				CLANG_WARN_BOOL_CONVERSION = YES;
				CLANG_WARN_CONSTANT_CONVERSION = YES;
				CLANG_WARN_DIRECT_OBJC_ISA_USAGE = YES_ERROR;
				CLANG_WARN_EMPTY_BODY = YES;
				CLANG_WARN_ENUM_CONVERSION = YES;
				CLANG_WARN_INT_CONVERSION = YES;
				CLANG_WARN_OBJC_ROOT_CLASS = YES_ERROR;
				CLANG_WARN_UNREACHABLE_CODE = YES;
				CLANG_WARN__DUPLICATE_METHOD_MATCH = YES;
				COPY_PHASE_STRIP = YES;
				DEBUG_INFORMATION_FORMAT = "dwarf-with-dsym";
				ENABLE_NS_ASSERTIONS = NO;
				ENABLE_STRICT_OBJC_MSGSEND = YES;
				GCC_C_LANGUAGE_STANDARD = gnu99;
				GCC_WARN_64_TO_32_BIT_CONVERSION = YES;
				GCC_WARN_ABOUT_RETURN_TYPE = YES_ERROR;
				GCC_WARN_UNDECLARED_SELECTOR = YES;
				GCC_WARN_UNINITIALIZED_AUTOS = YES_AGGRESSIVE;
				GCC_WARN_UNUSED_FUNCTION = YES;
				GCC_WARN_UNUSED_VARIABLE = YES;
				MACOSX_DEPLOYMENT_TARGET = 10.9;
				MTL_ENABLE_DEBUG_INFO = NO;
				SDKROOT = macosx;
			};
			name = Release;
		};
		9A54E7851D2AC1E800CAD207 /* Debug */ = {
			isa = XCBuildConfiguration;
			buildSettings = {
				CONFIGURATION_BUILD_DIR = "$(PROJECT_DIR)/build/$(CONFIGURATION)";
				PRODUCT_NAME = "$(TARGET_NAME)";
			};
			name = Debug;
		};
		9A54E7861D2AC1E800CAD207 /* Release */ = {
			isa = XCBuildConfiguration;
			buildSettings = {
				CONFIGURATION_BUILD_DIR = "$(PROJECT_DIR)/build/$(CONFIGURATION)";
				PRODUCT_NAME = "$(TARGET_NAME)";
			};
			name = Release;
		};
/* End XCBuildConfiguration section */

/* Begin XCConfigurationList section */
		9A54E7781D2AC1E800CAD207 /* Build configuration list for PBXProject "xcode_template_pyphs" */ = {
			isa = XCConfigurationList;
			buildConfigurations = (
				9A54E7821D2AC1E800CAD207 /* Debug */,
				9A54E7831D2AC1E800CAD207 /* Release */,
			);
			defaultConfigurationIsVisible = 0;
			defaultConfigurationName = Release;
		};
		9A54E7841D2AC1E800CAD207 /* Build configuration list for PBXNativeTarget "xcode_template_pyphs" */ = {
			isa = XCConfigurationList;
			buildConfigurations = (
				9A54E7851D2AC1E800CAD207 /* Debug */,
				9A54E7861D2AC1E800CAD207 /* Release */,
			);
			defaultConfigurationIsVisible = 0;
			defaultConfigurationName = Release;
		};
/* End XCConfigurationList section */
	};
	rootObject = 9A54E7751D2AC1E800CAD207 /* Project object */;
}
