// !$*UTF8*$!
{
	archiveVersion = 1;
	classes = {
	};
	objectVersion = 46;
	objects = {

/* Begin PBXBuildFile section */
		9A50C0971D29527200BA1122 /* data.cpp in Sources */ = {isa = PBXBuildFile; fileRef = 9A50C0921D29527200BA1122 /* data.cpp */; };
		9A50C0981D29527200BA1122 /* main.cpp in Sources */ = {isa = PBXBuildFile; fileRef = 9A50C0941D29527200BA1122 /* main.cpp */; };
		9A50C0991D29527200BA1122 /* phobj.cpp in Sources */ = {isa = PBXBuildFile; fileRef = 9A50C0951D29527200BA1122 /* phobj.cpp */; };
/* End PBXBuildFile section */

/* Begin PBXCopyFilesBuildPhase section */
		9A50C0861D29525700BA1122 /* CopyFiles */ = {
			isa = PBXCopyFilesBuildPhase;
			buildActionMask = 2147483647;
			dstPath = /usr/share/man/man1/;
			dstSubfolderSpec = 0;
			files = (
			);
			runOnlyForDeploymentPostprocessing = 1;
		};
/* End PBXCopyFilesBuildPhase section */

/* Begin PBXFileReference section */
		9A50C0881D29525700BA1122 /* RLC */ = {isa = PBXFileReference; explicitFileType = "compiled.mach-o.executable"; includeInIndex = 0; path = RLC; sourceTree = BUILT_PRODUCTS_DIR; };
		9A50C0921D29527200BA1122 /* data.cpp */ = {isa = PBXFileReference; fileEncoding = 4; lastKnownFileType = sourcecode.cpp.cpp; name = data.cpp; path = ../../../cpp/data.cpp; sourceTree = "<group>"; };
		9A50C0931D29527200BA1122 /* data.h */ = {isa = PBXFileReference; fileEncoding = 4; lastKnownFileType = sourcecode.c.h; name = data.h; path = ../../../cpp/data.h; sourceTree = "<group>"; };
		9A50C0941D29527200BA1122 /* main.cpp */ = {isa = PBXFileReference; fileEncoding = 4; lastKnownFileType = sourcecode.cpp.cpp; name = main.cpp; path = ../../../cpp/main.cpp; sourceTree = "<group>"; };
		9A50C0951D29527200BA1122 /* phobj.cpp */ = {isa = PBXFileReference; fileEncoding = 4; lastKnownFileType = sourcecode.cpp.cpp; name = phobj.cpp; path = ../../../cpp/phobj.cpp; sourceTree = "<group>"; };
		9A50C0961D29527200BA1122 /* phobj.h */ = {isa = PBXFileReference; fileEncoding = 4; lastKnownFileType = sourcecode.c.h; name = phobj.h; path = ../../../cpp/phobj.h; sourceTree = "<group>"; };
/* End PBXFileReference section */

/* Begin PBXFrameworksBuildPhase section */
		9A50C0851D29525700BA1122 /* Frameworks */ = {
			isa = PBXFrameworksBuildPhase;
			buildActionMask = 2147483647;
			files = (
			);
			runOnlyForDeploymentPostprocessing = 0;
		};
/* End PBXFrameworksBuildPhase section */

/* Begin PBXGroup section */
		9A50C07F1D29525700BA1122 = {
			isa = PBXGroup;
			children = (
				9A50C08A1D29525700BA1122 /* RLC */,
				9A50C0891D29525700BA1122 /* Products */,
			);
			sourceTree = "<group>";
		};
		9A50C0891D29525700BA1122 /* Products */ = {
			isa = PBXGroup;
			children = (
				9A50C0881D29525700BA1122 /* RLC */,
			);
			name = Products;
			sourceTree = "<group>";
		};
		9A50C08A1D29525700BA1122 /* RLC */ = {
			isa = PBXGroup;
			children = (
				9A50C0921D29527200BA1122 /* data.cpp */,
				9A50C0931D29527200BA1122 /* data.h */,
				9A50C0941D29527200BA1122 /* main.cpp */,
				9A50C0951D29527200BA1122 /* phobj.cpp */,
				9A50C0961D29527200BA1122 /* phobj.h */,
			);
			path = RLC;
			sourceTree = "<group>";
		};
/* End PBXGroup section */

/* Begin PBXNativeTarget section */
		9A50C0871D29525700BA1122 /* RLC */ = {
			isa = PBXNativeTarget;
			buildConfigurationList = 9A50C08F1D29525700BA1122 /* Build configuration list for PBXNativeTarget "RLC" */;
			buildPhases = (
				9A50C0841D29525700BA1122 /* Sources */,
				9A50C0851D29525700BA1122 /* Frameworks */,
				9A50C0861D29525700BA1122 /* CopyFiles */,
			);
			buildRules = (
			);
			dependencies = (
			);
			name = RLC;
			productName = RLC;
			productReference = 9A50C0881D29525700BA1122 /* RLC */;
			productType = "com.apple.product-type.tool";
		};
/* End PBXNativeTarget section */

/* Begin PBXProject section */
		9A50C0801D29525700BA1122 /* Project object */ = {
			isa = PBXProject;
			attributes = {
				LastUpgradeCheck = 0610;
				ORGANIZATIONNAME = "Antoine Falaize";
				TargetAttributes = {
					9A50C0871D29525700BA1122 = {
						CreatedOnToolsVersion = 6.1.1;
					};
				};
			};
			buildConfigurationList = 9A50C0831D29525700BA1122 /* Build configuration list for PBXProject "RLC" */;
			compatibilityVersion = "Xcode 3.2";
			developmentRegion = English;
			hasScannedForEncodings = 0;
			knownRegions = (
				en,
			);
			mainGroup = 9A50C07F1D29525700BA1122;
			productRefGroup = 9A50C0891D29525700BA1122 /* Products */;
			projectDirPath = "";
			projectRoot = "";
			targets = (
				9A50C0871D29525700BA1122 /* RLC */,
			);
		};
/* End PBXProject section */

/* Begin PBXSourcesBuildPhase section */
		9A50C0841D29525700BA1122 /* Sources */ = {
			isa = PBXSourcesBuildPhase;
			buildActionMask = 2147483647;
			files = (
				9A50C0981D29527200BA1122 /* main.cpp in Sources */,
				9A50C0971D29527200BA1122 /* data.cpp in Sources */,
				9A50C0991D29527200BA1122 /* phobj.cpp in Sources */,
			);
			runOnlyForDeploymentPostprocessing = 0;
		};
/* End PBXSourcesBuildPhase section */

/* Begin XCBuildConfiguration section */
		9A50C08D1D29525700BA1122 /* Debug */ = {
			isa = XCBuildConfiguration;
			buildSettings = {
				ALWAYS_SEARCH_USER_PATHS = NO;
				CLANG_CXX_LANGUAGE_STANDARD = "gnu++0x";
				CLANG_CXX_LIBRARY = "libc++";
				CLANG_ENABLE_MODULES = YES;
				CLANG_ENABLE_OBJC_ARC = YES;
				CLANG_WARN_BOOL_CONVERSION = YES;
				CLANG_WARN_CONSTANT_CONVERSION = YES;
				CLANG_WARN_DIRECT_OBJC_ISA_USAGE = YES_ERROR;
				CLANG_WARN_EMPTY_BODY = YES;
				CLANG_WARN_ENUM_CONVERSION = YES;
				CLANG_WARN_INT_CONVERSION = YES;
				CLANG_WARN_OBJC_ROOT_CLASS = YES_ERROR;
				CLANG_WARN_UNREACHABLE_CODE = YES;
				CLANG_WARN__DUPLICATE_METHOD_MATCH = YES;
				COPY_PHASE_STRIP = NO;
				ENABLE_STRICT_OBJC_MSGSEND = YES;
				GCC_C_LANGUAGE_STANDARD = gnu99;
				GCC_DYNAMIC_NO_PIC = NO;
				GCC_OPTIMIZATION_LEVEL = 0;
				GCC_PREPROCESSOR_DEFINITIONS = (
					"DEBUG=1",
					"$(inherited)",
				);
				GCC_SYMBOLS_PRIVATE_EXTERN = NO;
				GCC_WARN_64_TO_32_BIT_CONVERSION = YES;
				GCC_WARN_ABOUT_RETURN_TYPE = YES_ERROR;
				GCC_WARN_UNDECLARED_SELECTOR = YES;
				GCC_WARN_UNINITIALIZED_AUTOS = YES_AGGRESSIVE;
				GCC_WARN_UNUSED_FUNCTION = YES;
				GCC_WARN_UNUSED_VARIABLE = YES;
				MACOSX_DEPLOYMENT_TARGET = 10.9;
				MTL_ENABLE_DEBUG_INFO = YES;
				ONLY_ACTIVE_ARCH = YES;
				SDKROOT = macosx;
			};
			name = Debug;
		};
		9A50C08E1D29525700BA1122 /* Release */ = {
			isa = XCBuildConfiguration;
			buildSettings = {
				ALWAYS_SEARCH_USER_PATHS = NO;
				CLANG_CXX_LANGUAGE_STANDARD = "gnu++0x";
				CLANG_CXX_LIBRARY = "libc++";
				CLANG_ENABLE_MODULES = YES;
				CLANG_ENABLE_OBJC_ARC = YES;
				CLANG_WARN_BOOL_CONVERSION = YES;
				CLANG_WARN_CONSTANT_CONVERSION = YES;
				CLANG_WARN_DIRECT_OBJC_ISA_USAGE = YES_ERROR;
				CLANG_WARN_EMPTY_BODY = YES;
				CLANG_WARN_ENUM_CONVERSION = YES;
				CLANG_WARN_INT_CONVERSION = YES;
				CLANG_WARN_OBJC_ROOT_CLASS = YES_ERROR;
				CLANG_WARN_UNREACHABLE_CODE = YES;
				CLANG_WARN__DUPLICATE_METHOD_MATCH = YES;
				COPY_PHASE_STRIP = YES;
				DEBUG_INFORMATION_FORMAT = "dwarf-with-dsym";
				ENABLE_NS_ASSERTIONS = NO;
				ENABLE_STRICT_OBJC_MSGSEND = YES;
				GCC_C_LANGUAGE_STANDARD = gnu99;
				GCC_WARN_64_TO_32_BIT_CONVERSION = YES;
				GCC_WARN_ABOUT_RETURN_TYPE = YES_ERROR;
				GCC_WARN_UNDECLARED_SELECTOR = YES;
				GCC_WARN_UNINITIALIZED_AUTOS = YES_AGGRESSIVE;
				GCC_WARN_UNUSED_FUNCTION = YES;
				GCC_WARN_UNUSED_VARIABLE = YES;
				MACOSX_DEPLOYMENT_TARGET = 10.9;
				MTL_ENABLE_DEBUG_INFO = NO;
				SDKROOT = macosx;
			};
			name = Release;
		};
		9A50C0901D29525700BA1122 /* Debug */ = {
			isa = XCBuildConfiguration;
			buildSettings = {
				PRODUCT_NAME = "$(TARGET_NAME)";
			};
			name = Debug;
		};
		9A50C0911D29525700BA1122 /* Release */ = {
			isa = XCBuildConfiguration;
			buildSettings = {
				PRODUCT_NAME = "$(TARGET_NAME)";
			};
			name = Release;
		};
/* End XCBuildConfiguration section */

/* Begin XCConfigurationList section */
		9A50C0831D29525700BA1122 /* Build configuration list for PBXProject "RLC" */ = {
			isa = XCConfigurationList;
			buildConfigurations = (
				9A50C08D1D29525700BA1122 /* Debug */,
				9A50C08E1D29525700BA1122 /* Release */,
			);
			defaultConfigurationIsVisible = 0;
			defaultConfigurationName = Release;
		};
		9A50C08F1D29525700BA1122 /* Build configuration list for PBXNativeTarget "RLC" */ = {
			isa = XCConfigurationList;
			buildConfigurations = (
				9A50C0901D29525700BA1122 /* Debug */,
				9A50C0911D29525700BA1122 /* Release */,
			);
			defaultConfigurationIsVisible = 0;
		};
/* End XCConfigurationList section */
	};
	rootObject = 9A50C0801D29525700BA1122 /* Project object */;
}
