// !$*UTF8*$!
{
	archiveVersion = 1;
	classes = {
	};
	objectVersion = 46;
	objects = {

/* Begin PBXBuildFile section */
		9AE1BE261E8EC0C700B9F391 /* core.cpp in Sources */ = {isa = PBXBuildFile; fileRef = 9AE1BE231E8EC0C700B9F391 /* core.cpp */; };
		9AE1BE271E8EC0C700B9F391 /* data.cpp in Sources */ = {isa = PBXBuildFile; fileRef = 9AE1BE241E8EC0C700B9F391 /* data.cpp */; };
		9AE1BE281E8EC0C700B9F391 /* main.cpp in Sources */ = {isa = PBXBuildFile; fileRef = 9AE1BE251E8EC0C700B9F391 /* main.cpp */; };
/* End PBXBuildFile section */

/* Begin PBXCopyFilesBuildPhase section */
		9AE1BE151E8EC0B000B9F391 /* CopyFiles */ = {
			isa = PBXCopyFilesBuildPhase;
			buildActionMask = 2147483647;
			dstPath = /usr/share/man/man1/;
			dstSubfolderSpec = 0;
			files = (
			);
			runOnlyForDeploymentPostprocessing = 1;
		};
/* End PBXCopyFilesBuildPhase section */

/* Begin PBXFileReference section */
		9AE1BE171E8EC0B000B9F391 /* cpp */ = {isa = PBXFileReference; explicitFileType = "compiled.mach-o.executable"; includeInIndex = 0; path = cpp; sourceTree = BUILT_PRODUCTS_DIR; };
		9AE1BE211E8EC0C700B9F391 /* core.h */ = {isa = PBXFileReference; fileEncoding = 4; lastKnownFileType = sourcecode.c.h; name = core.h; path = ../../core.h; sourceTree = "<group>"; };
		9AE1BE221E8EC0C700B9F391 /* data.h */ = {isa = PBXFileReference; fileEncoding = 4; lastKnownFileType = sourcecode.c.h; name = data.h; path = ../../data.h; sourceTree = "<group>"; };
		9AE1BE231E8EC0C700B9F391 /* core.cpp */ = {isa = PBXFileReference; fileEncoding = 4; lastKnownFileType = sourcecode.cpp.cpp; name = core.cpp; path = ../../core.cpp; sourceTree = "<group>"; };
		9AE1BE241E8EC0C700B9F391 /* data.cpp */ = {isa = PBXFileReference; fileEncoding = 4; lastKnownFileType = sourcecode.cpp.cpp; name = data.cpp; path = ../../data.cpp; sourceTree = "<group>"; };
		9AE1BE251E8EC0C700B9F391 /* main.cpp */ = {isa = PBXFileReference; fileEncoding = 4; lastKnownFileType = sourcecode.cpp.cpp; name = main.cpp; path = ../../main.cpp; sourceTree = "<group>"; };
/* End PBXFileReference section */

/* Begin PBXFrameworksBuildPhase section */
		9AE1BE141E8EC0B000B9F391 /* Frameworks */ = {
			isa = PBXFrameworksBuildPhase;
			buildActionMask = 2147483647;
			files = (
			);
			runOnlyForDeploymentPostprocessing = 0;
		};
/* End PBXFrameworksBuildPhase section */

/* Begin PBXGroup section */
		9AE1BE0E1E8EC0B000B9F391 = {
			isa = PBXGroup;
			children = (
				9AE1BE191E8EC0B000B9F391 /* cpp */,
				9AE1BE181E8EC0B000B9F391 /* Products */,
			);
			sourceTree = "<group>";
		};
		9AE1BE181E8EC0B000B9F391 /* Products */ = {
			isa = PBXGroup;
			children = (
				9AE1BE171E8EC0B000B9F391 /* cpp */,
			);
			name = Products;
			sourceTree = "<group>";
		};
		9AE1BE191E8EC0B000B9F391 /* cpp */ = {
			isa = PBXGroup;
			children = (
				9AE1BE211E8EC0C700B9F391 /* core.h */,
				9AE1BE221E8EC0C700B9F391 /* data.h */,
				9AE1BE231E8EC0C700B9F391 /* core.cpp */,
				9AE1BE241E8EC0C700B9F391 /* data.cpp */,
				9AE1BE251E8EC0C700B9F391 /* main.cpp */,
			);
			path = cpp;
			sourceTree = "<group>";
		};
/* End PBXGroup section */

/* Begin PBXNativeTarget section */
		9AE1BE161E8EC0B000B9F391 /* cpp */ = {
			isa = PBXNativeTarget;
			buildConfigurationList = 9AE1BE1E1E8EC0B000B9F391 /* Build configuration list for PBXNativeTarget "cpp" */;
			buildPhases = (
				9AE1BE131E8EC0B000B9F391 /* Sources */,
				9AE1BE141E8EC0B000B9F391 /* Frameworks */,
				9AE1BE151E8EC0B000B9F391 /* CopyFiles */,
			);
			buildRules = (
			);
			dependencies = (
			);
			name = cpp;
			productName = cpp;
			productReference = 9AE1BE171E8EC0B000B9F391 /* cpp */;
			productType = "com.apple.product-type.tool";
		};
/* End PBXNativeTarget section */

/* Begin PBXProject section */
		9AE1BE0F1E8EC0B000B9F391 /* Project object */ = {
			isa = PBXProject;
			attributes = {
				LastUpgradeCheck = 0610;
				ORGANIZATIONNAME = "Antoine Falaize";
				TargetAttributes = {
					9AE1BE161E8EC0B000B9F391 = {
						CreatedOnToolsVersion = 6.1.1;
					};
				};
			};
			buildConfigurationList = 9AE1BE121E8EC0B000B9F391 /* Build configuration list for PBXProject "cpp" */;
			compatibilityVersion = "Xcode 3.2";
			developmentRegion = English;
			hasScannedForEncodings = 0;
			knownRegions = (
				en,
			);
			mainGroup = 9AE1BE0E1E8EC0B000B9F391;
			productRefGroup = 9AE1BE181E8EC0B000B9F391 /* Products */;
			projectDirPath = "";
			projectRoot = "";
			targets = (
				9AE1BE161E8EC0B000B9F391 /* cpp */,
			);
		};
/* End PBXProject section */

/* Begin PBXSourcesBuildPhase section */
		9AE1BE131E8EC0B000B9F391 /* Sources */ = {
			isa = PBXSourcesBuildPhase;
			buildActionMask = 2147483647;
			files = (
				9AE1BE261E8EC0C700B9F391 /* core.cpp in Sources */,
				9AE1BE271E8EC0C700B9F391 /* data.cpp in Sources */,
				9AE1BE281E8EC0C700B9F391 /* main.cpp in Sources */,
			);
			runOnlyForDeploymentPostprocessing = 0;
		};
/* End PBXSourcesBuildPhase section */

/* Begin XCBuildConfiguration section */
		9AE1BE1C1E8EC0B000B9F391 /* Debug */ = {
			isa = XCBuildConfiguration;
			buildSettings = {
				ALWAYS_SEARCH_USER_PATHS = NO;
				CLANG_CXX_LANGUAGE_STANDARD = "gnu++0x";
				CLANG_CXX_LIBRARY = "libc++";
				CLANG_ENABLE_MODULES = YES;
				CLANG_ENABLE_OBJC_ARC = YES;
				CLANG_WARN_BOOL_CONVERSION = YES;
				CLANG_WARN_CONSTANT_CONVERSION = YES;
				CLANG_WARN_DIRECT_OBJC_ISA_USAGE = YES_ERROR;
				CLANG_WARN_EMPTY_BODY = YES;
				CLANG_WARN_ENUM_CONVERSION = YES;
				CLANG_WARN_INT_CONVERSION = YES;
				CLANG_WARN_OBJC_ROOT_CLASS = YES_ERROR;
				CLANG_WARN_UNREACHABLE_CODE = YES;
				CLANG_WARN__DUPLICATE_METHOD_MATCH = YES;
				COPY_PHASE_STRIP = NO;
				ENABLE_STRICT_OBJC_MSGSEND = YES;
				GCC_C_LANGUAGE_STANDARD = gnu99;
				GCC_DYNAMIC_NO_PIC = NO;
				GCC_OPTIMIZATION_LEVEL = 0;
				GCC_PREPROCESSOR_DEFINITIONS = (
					"DEBUG=1",
					"$(inherited)",
				);
				GCC_SYMBOLS_PRIVATE_EXTERN = NO;
				GCC_WARN_64_TO_32_BIT_CONVERSION = YES;
				GCC_WARN_ABOUT_RETURN_TYPE = YES_ERROR;
				GCC_WARN_UNDECLARED_SELECTOR = YES;
				GCC_WARN_UNINITIALIZED_AUTOS = YES_AGGRESSIVE;
				GCC_WARN_UNUSED_FUNCTION = YES;
				GCC_WARN_UNUSED_VARIABLE = YES;
				MACOSX_DEPLOYMENT_TARGET = 10.9;
				MTL_ENABLE_DEBUG_INFO = YES;
				ONLY_ACTIVE_ARCH = YES;
				SDKROOT = macosx;
			};
			name = Debug;
		};
		9AE1BE1D1E8EC0B000B9F391 /* Release */ = {
			isa = XCBuildConfiguration;
			buildSettings = {
				ALWAYS_SEARCH_USER_PATHS = NO;
				CLANG_CXX_LANGUAGE_STANDARD = "gnu++0x";
				CLANG_CXX_LIBRARY = "libc++";
				CLANG_ENABLE_MODULES = YES;
				CLANG_ENABLE_OBJC_ARC = YES;
				CLANG_WARN_BOOL_CONVERSION = YES;
				CLANG_WARN_CONSTANT_CONVERSION = YES;
				CLANG_WARN_DIRECT_OBJC_ISA_USAGE = YES_ERROR;
				CLANG_WARN_EMPTY_BODY = YES;
				CLANG_WARN_ENUM_CONVERSION = YES;
				CLANG_WARN_INT_CONVERSION = YES;
				CLANG_WARN_OBJC_ROOT_CLASS = YES_ERROR;
				CLANG_WARN_UNREACHABLE_CODE = YES;
				CLANG_WARN__DUPLICATE_METHOD_MATCH = YES;
				COPY_PHASE_STRIP = YES;
				DEBUG_INFORMATION_FORMAT = "dwarf-with-dsym";
				ENABLE_NS_ASSERTIONS = NO;
				ENABLE_STRICT_OBJC_MSGSEND = YES;
				GCC_C_LANGUAGE_STANDARD = gnu99;
				GCC_WARN_64_TO_32_BIT_CONVERSION = YES;
				GCC_WARN_ABOUT_RETURN_TYPE = YES_ERROR;
				GCC_WARN_UNDECLARED_SELECTOR = YES;
				GCC_WARN_UNINITIALIZED_AUTOS = YES_AGGRESSIVE;
				GCC_WARN_UNUSED_FUNCTION = YES;
				GCC_WARN_UNUSED_VARIABLE = YES;
				MACOSX_DEPLOYMENT_TARGET = 10.9;
				MTL_ENABLE_DEBUG_INFO = NO;
				SDKROOT = macosx;
			};
			name = Release;
		};
		9AE1BE1F1E8EC0B000B9F391 /* Debug */ = {
			isa = XCBuildConfiguration;
			buildSettings = {
				PRODUCT_NAME = "$(TARGET_NAME)";
			};
			name = Debug;
		};
		9AE1BE201E8EC0B000B9F391 /* Release */ = {
			isa = XCBuildConfiguration;
			buildSettings = {
				PRODUCT_NAME = "$(TARGET_NAME)";
			};
			name = Release;
		};
/* End XCBuildConfiguration section */

/* Begin XCConfigurationList section */
		9AE1BE121E8EC0B000B9F391 /* Build configuration list for PBXProject "cpp" */ = {
			isa = XCConfigurationList;
			buildConfigurations = (
				9AE1BE1C1E8EC0B000B9F391 /* Debug */,
				9AE1BE1D1E8EC0B000B9F391 /* Release */,
			);
			defaultConfigurationIsVisible = 0;
			defaultConfigurationName = Release;
		};
		9AE1BE1E1E8EC0B000B9F391 /* Build configuration list for PBXNativeTarget "cpp" */ = {
			isa = XCConfigurationList;
			buildConfigurations = (
				9AE1BE1F1E8EC0B000B9F391 /* Debug */,
				9AE1BE201E8EC0B000B9F391 /* Release */,
			);
			defaultConfigurationIsVisible = 0;
		};
/* End XCConfigurationList section */
	};
	rootObject = 9AE1BE0F1E8EC0B000B9F391 /* Project object */;
}
